{
  "name": "portfolio",
  "lockfileVersion": 2,
  "requires": true,
  "packages": {
    "": {
      "dependencies": {
        "@builder.io/partytown": "^0.9.1"
      }
    },
    "node_modules/@builder.io/partytown": {
      "version": "0.9.1",
      "resolved": "https://registry.npmjs.org/@builder.io/partytown/-/partytown-0.9.1.tgz",
      "integrity": "sha512-9Bo4eZBoc7FlY38atqaXvuEMjuwU6ege/ZN+lh5G7/dC0LtdZCQJQ6CndrUtYGeia+7JoQyWXBpjcx1jFty0VA==",
      "bin": {
        "partytown": "bin/partytown.cjs"
      },
      "engines": {
        "node": ">=18.0.0"
      }
    }
  },
  "dependencies": {
    "@builder.io/partytown": {
      "version": "0.9.1",
      "resolved": "https://registry.npmjs.org/@builder.io/partytown/-/partytown-0.9.1.tgz",
      "integrity": "sha512-9Bo4eZBoc7FlY38atqaXvuEMjuwU6ege/ZN+lh5G7/dC0LtdZCQJQ6CndrUtYGeia+7JoQyWXBpjcx1jFty0VA=="
    }
  }
}
